
Microsoft Visual Studio Solution File, Format Version 12.00
# Visual Studio Version 17
VisualStudioVersion = 17.0.31410.414
MinimumVisualStudioVersion = 10.0.40219.1
Project("{2150E333-8FDC-42A3-9474-1A3956D46DE8}") = "root", "root", "{B109FA91-ABD6-4774-AD90-141914B26270}"
	ProjectSection(SolutionItems) = preProject
		.editorconfig = .editorconfig
		.gitattributes = .gitattributes
		.gitignore = .gitignore
		Directory.Build.props = Directory.Build.props
		Directory.Build.targets = Directory.Build.targets
		LICENSE = LICENSE
	EndProjectSection
EndProject
Project("{2150E333-8FDC-42A3-9474-1A3956D46DE8}") = "src", "src", "{0290839F-B61C-43E6-933B-5AA16C029487}"
	ProjectSection(SolutionItems) = preProject
		src\Directory.Build.props = src\Directory.Build.props
		src\Directory.Build.targets = src\Directory.Build.targets
	EndProjectSection
EndProject
Project("{9A19103F-16F7-4668-BE54-9A1E7A4F7556}") = "Pdfium.Rendering", "src\Pdfium.Rendering\Pdfium.Rendering.csproj", "{433363CC-BA2D-4B7B-8D5F-20680373A21F}"
EndProject
Project("{2150E333-8FDC-42A3-9474-1A3956D46DE8}") = "tests", "tests", "{C9CE4AA5-B7C7-4C42-9455-7F402661F1F0}"
	ProjectSection(SolutionItems) = preProject
		tests\Directory.Build.props = tests\Directory.Build.props
		tests\Directory.Build.targets = tests\Directory.Build.targets
	EndProjectSection
EndProject
Project("{9A19103F-16F7-4668-BE54-9A1E7A4F7556}") = "Pdfium.Rendering.Tests", "tests\Pdfium.Rendering.Tests\Pdfium.Rendering.Tests.csproj", "{978F21DF-A142-46CA-B339-F4EE1F01AAE9}"
EndProject
Project("{2150E333-8FDC-42A3-9474-1A3956D46DE8}") = "samples", "samples", "{BD8BDABA-7ACC-4D9F-A34E-440F38A84CDC}"
	ProjectSection(SolutionItems) = preProject
		samples\Directory.Build.props = samples\Directory.Build.props
		samples\Directory.Build.targets = samples\Directory.Build.targets
	EndProjectSection
EndProject
Project("{9A19103F-16F7-4668-BE54-9A1E7A4F7556}") = "Pdfium.Rendering.TestConsole", "samples\Pdfium.Rendering.TestConsole\Pdfium.Rendering.TestConsole.csproj", "{47392639-240E-443E-AF61-1818C210431D}"
EndProject
Project("{2150E333-8FDC-42A3-9474-1A3956D46DE8}") = "native-pdfium", "native-pdfium", "{11F45C92-E59B-45CB-BBEC-BF321AE752A8}"
	ProjectSection(SolutionItems) = preProject
		native-pdfium\README.md = native-pdfium\README.md
	EndProjectSection
EndProject
Project("{2150E333-8FDC-42A3-9474-1A3956D46DE8}") = "linux", "linux", "{12C6B2F0-27DB-436E-881C-181E728D93CE}"
	ProjectSection(SolutionItems) = preProject
		native-pdfium\linux\libpdfium.so = native-pdfium\linux\libpdfium.so
	EndProjectSection
EndProject
Project("{2150E333-8FDC-42A3-9474-1A3956D46DE8}") = "macosx-x64", "macosx-x64", "{F012A364-3C09-4FBA-978B-BAA8A63281AA}"
	ProjectSection(SolutionItems) = preProject
		native-pdfium\macos-x64\libpdfium.dylib = native-pdfium\macos-x64\libpdfium.dylib
	EndProjectSection
EndProject
Project("{2150E333-8FDC-42A3-9474-1A3956D46DE8}") = "win-x64", "win-x64", "{F2B1D9C9-A404-4C2D-A557-759E8039C742}"
	ProjectSection(SolutionItems) = preProject
		native-pdfium\win-x64\pdfium.dll = native-pdfium\win-x64\pdfium.dll
	EndProjectSection
EndProject
Project("{2150E333-8FDC-42A3-9474-1A3956D46DE8}") = "win-x86", "win-x86", "{B15A8842-30CF-450D-891E-E75437CC08B3}"
	ProjectSection(SolutionItems) = preProject
		native-pdfium\win-x86\pdfium.dll = native-pdfium\win-x86\pdfium.dll
	EndProjectSection
EndProject
Project("{2150E333-8FDC-42A3-9474-1A3956D46DE8}") = ".github", ".github", "{BF8C09C3-403B-4AB9-A709-08A21254395D}"
EndProject
Project("{2150E333-8FDC-42A3-9474-1A3956D46DE8}") = "workflows", "workflows", "{B1684E27-8324-42B0-A8CE-1D8324546231}"
	ProjectSection(SolutionItems) = preProject
		.github\workflows\dotnet-core.yml = .github\workflows\dotnet-core.yml
	EndProjectSection
EndProject
Global
	GlobalSection(SolutionConfigurationPlatforms) = preSolution
		Debug|Any CPU = Debug|Any CPU
		Release|Any CPU = Release|Any CPU
	EndGlobalSection
	GlobalSection(ProjectConfigurationPlatforms) = postSolution
		{433363CC-BA2D-4B7B-8D5F-20680373A21F}.Debug|Any CPU.ActiveCfg = Debug|Any CPU
		{433363CC-BA2D-4B7B-8D5F-20680373A21F}.Debug|Any CPU.Build.0 = Debug|Any CPU
		{433363CC-BA2D-4B7B-8D5F-20680373A21F}.Release|Any CPU.ActiveCfg = Release|Any CPU
		{433363CC-BA2D-4B7B-8D5F-20680373A21F}.Release|Any CPU.Build.0 = Release|Any CPU
		{978F21DF-A142-46CA-B339-F4EE1F01AAE9}.Debug|Any CPU.ActiveCfg = Debug|Any CPU
		{978F21DF-A142-46CA-B339-F4EE1F01AAE9}.Debug|Any CPU.Build.0 = Debug|Any CPU
		{978F21DF-A142-46CA-B339-F4EE1F01AAE9}.Release|Any CPU.ActiveCfg = Release|Any CPU
		{978F21DF-A142-46CA-B339-F4EE1F01AAE9}.Release|Any CPU.Build.0 = Release|Any CPU
		{47392639-240E-443E-AF61-1818C210431D}.Debug|Any CPU.ActiveCfg = Debug|Any CPU
		{47392639-240E-443E-AF61-1818C210431D}.Debug|Any CPU.Build.0 = Debug|Any CPU
		{47392639-240E-443E-AF61-1818C210431D}.Release|Any CPU.ActiveCfg = Release|Any CPU
		{47392639-240E-443E-AF61-1818C210431D}.Release|Any CPU.Build.0 = Release|Any CPU
	EndGlobalSection
	GlobalSection(SolutionProperties) = preSolution
		HideSolutionNode = FALSE
	EndGlobalSection
	GlobalSection(NestedProjects) = preSolution
		{0290839F-B61C-43E6-933B-5AA16C029487} = {B109FA91-ABD6-4774-AD90-141914B26270}
		{433363CC-BA2D-4B7B-8D5F-20680373A21F} = {0290839F-B61C-43E6-933B-5AA16C029487}
		{C9CE4AA5-B7C7-4C42-9455-7F402661F1F0} = {B109FA91-ABD6-4774-AD90-141914B26270}
		{978F21DF-A142-46CA-B339-F4EE1F01AAE9} = {C9CE4AA5-B7C7-4C42-9455-7F402661F1F0}
		{BD8BDABA-7ACC-4D9F-A34E-440F38A84CDC} = {B109FA91-ABD6-4774-AD90-141914B26270}
		{47392639-240E-443E-AF61-1818C210431D} = {BD8BDABA-7ACC-4D9F-A34E-440F38A84CDC}
		{11F45C92-E59B-45CB-BBEC-BF321AE752A8} = {B109FA91-ABD6-4774-AD90-141914B26270}
		{12C6B2F0-27DB-436E-881C-181E728D93CE} = {11F45C92-E59B-45CB-BBEC-BF321AE752A8}
		{F012A364-3C09-4FBA-978B-BAA8A63281AA} = {11F45C92-E59B-45CB-BBEC-BF321AE752A8}
		{F2B1D9C9-A404-4C2D-A557-759E8039C742} = {11F45C92-E59B-45CB-BBEC-BF321AE752A8}
		{B15A8842-30CF-450D-891E-E75437CC08B3} = {11F45C92-E59B-45CB-BBEC-BF321AE752A8}
		{BF8C09C3-403B-4AB9-A709-08A21254395D} = {B109FA91-ABD6-4774-AD90-141914B26270}
		{B1684E27-8324-42B0-A8CE-1D8324546231} = {BF8C09C3-403B-4AB9-A709-08A21254395D}
	EndGlobalSection
	GlobalSection(ExtensibilityGlobals) = postSolution
		SolutionGuid = {075D5B5F-9201-4A3F-A867-7819A627D3F8}
	EndGlobalSection
EndGlobal
